
Microsoft Visual Studio Solution File, Format Version 12.00
# Visual Studio Version 16
VisualStudioVersion = 16.0.31313.79
MinimumVisualStudioVersion = 10.0.40219.1
Project("{FAE04EC0-301F-11D3-BF4B-00C04F79EFBC}") = "SimpleCSharpwebformappln", "SimpleCSharpwebformappln.csproj", "{6DA52D81-B2E3-4A0F-B870-FE0417846ABD}"
EndProject
Global
	GlobalSection(SolutionConfigurationPlatforms) = preSolution
		Debug|Any CPU = Debug|Any CPU
		Release|Any CPU = Release|Any CPU
	EndGlobalSection
	GlobalSection(ProjectConfigurationPlatforms) = postSolution
		{6DA52D81-B2E3-4A0F-B870-FE0417846ABD}.Debug|Any CPU.ActiveCfg = Debug|Any CPU
		{6DA52D81-B2E3-4A0F-B870-FE0417846ABD}.Debug|Any CPU.Build.0 = Debug|Any CPU
		{6DA52D81-B2E3-4A0F-B870-FE0417846ABD}.Release|Any CPU.ActiveCfg = Release|Any CPU
		{6DA52D81-B2E3-4A0F-B870-FE0417846ABD}.Release|Any CPU.Build.0 = Release|Any CPU
	EndGlobalSection
	GlobalSection(SolutionProperties) = preSolution
		HideSolutionNode = FALSE
	EndGlobalSection
	GlobalSection(ExtensibilityGlobals) = postSolution
		SolutionGuid = {C6571E88-7B69-4EEB-9B7D-88191D2A53FC}
	EndGlobalSection
EndGlobal
